
Microsoft Visual Studio Solution File, Format Version 12.00
# Visual Studio 2012
Project("{FAE04EC0-301F-11D3-BF4B-00C04F79EFBC}") = "QuickSalesManager", "QuickSalesManager\QuickSalesManager.csproj", "{55e0fd5d-6a5e-4e54-8acc-1b6e9d5111fa}"
EndProject
Global
	GlobalSection(SolutionConfigurationPlatforms) = preSolution
		Debug|Any CPU = Debug|Any CPU
		Release|Any CPU = Release|Any CPU
	EndGlobalSection
	GlobalSection(ProjectConfigurationPlatforms) = postSolution
		{55E0FD5D-6A5E-4E54-8ACC-1B6E9D5111FA}.Debug|Any CPU.ActiveCfg = Debug|Any CPU
		{55E0FD5D-6A5E-4E54-8ACC-1B6E9D5111FA}.Debug|Any CPU.Build.0 = Debug|Any CPU
		{55E0FD5D-6A5E-4E54-8ACC-1B6E9D5111FA}.Release|Any CPU.ActiveCfg = Release|Any CPU
		{55E0FD5D-6A5E-4E54-8ACC-1B6E9D5111FA}.Release|Any CPU.Build.0 = Release|Any CPU
	EndGlobalSection
EndGlobal
